
Microsoft Visual Studio Solution File, Format Version 12.00
# Visual Studio Version 17
VisualStudioVersion = 17.12.35527.113
MinimumVisualStudioVersion = 10.0.40219.1
Project("{FAE04EC0-301F-11D3-BF4B-00C04F79EFBC}") = "PointageZones", "PointageZones\PointageZones.csproj", "{9A6A690A-0821-4F17-A0C7-3A800582F666}"
EndProject
Global
	GlobalSection(SolutionConfigurationPlatforms) = preSolution
		Debug|Any CPU = Debug|Any CPU
		Release|Any CPU = Release|Any CPU
	EndGlobalSection
	GlobalSection(ProjectConfigurationPlatforms) = postSolution
		{9A6A690A-0821-4F17-A0C7-3A800582F666}.Debug|Any CPU.ActiveCfg = Debug|Any CPU
		{9A6A690A-0821-4F17-A0C7-3A800582F666}.Debug|Any CPU.Build.0 = Debug|Any CPU
		{9A6A690A-0821-4F17-A0C7-3A800582F666}.Release|Any CPU.ActiveCfg = Debug|Any CPU
		{9A6A690A-0821-4F17-A0C7-3A800582F666}.Release|Any CPU.Build.0 = Debug|Any CPU
	EndGlobalSection
	GlobalSection(SolutionProperties) = preSolution
		HideSolutionNode = FALSE
	EndGlobalSection
EndGlobal
